
Microsoft Visual Studio Solution File, Format Version 12.00
# Visual Studio 14
VisualStudioVersion = 14.0.25420.1
MinimumVisualStudioVersion = 10.0.40219.1
Project("{FAE04EC0-301F-11D3-BF4B-00C04F79EFBC}") = "PrediccionAutos.Droid", "PrediccionAutos\PrediccionAutos.Droid\PrediccionAutos.Droid.csproj", "{CADB410E-82F6-47F1-9887-AFD8165FA002}"
EndProject
Project("{FAE04EC0-301F-11D3-BF4B-00C04F79EFBC}") = "PrediccionAutos.iOS", "PrediccionAutos\PrediccionAutos.iOS\PrediccionAutos.iOS.csproj", "{FDEFF0F0-EB1C-4B85-8816-2D0E4FA8DB16}"
EndProject
Project("{FAE04EC0-301F-11D3-BF4B-00C04F79EFBC}") = "PrediccionAutos.WinPhone", "PrediccionAutos\PrediccionAutos.WinPhone\PrediccionAutos.WinPhone.csproj", "{E9D1C564-29A8-4663-8CA2-0FF9B938911A}"
EndProject
Project("{FAE04EC0-301F-11D3-BF4B-00C04F79EFBC}") = "PrediccionAutos.UWP", "PrediccionAutos\PrediccionAutos.UWP\PrediccionAutos.UWP.csproj", "{9E3A946A-4E44-4058-835A-958F74AE649B}"
EndProject
Project("{FAE04EC0-301F-11D3-BF4B-00C04F79EFBC}") = "PrediccionAutos.Windows", "PrediccionAutos\PrediccionAutos.Windows\PrediccionAutos.Windows.csproj", "{753A5758-C0FA-4FAD-AC7E-57CF21B246E6}"
EndProject
Project("{D954291E-2A0B-460D-934E-DC6B0785DB48}") = "PrediccionAutos", "PrediccionAutos\PrediccionAutos\PrediccionAutos.shproj", "{76BDC828-8B00-4732-BB42-793EE3C78D94}"
EndProject
Global
	GlobalSection(SharedMSBuildProjectFiles) = preSolution
		PrediccionAutos\PrediccionAutos\PrediccionAutos.projitems*{76bdc828-8b00-4732-bb42-793ee3c78d94}*SharedItemsImports = 13
	EndGlobalSection
	GlobalSection(SolutionConfigurationPlatforms) = preSolution
		Ad-Hoc|Any CPU = Ad-Hoc|Any CPU
		Ad-Hoc|ARM = Ad-Hoc|ARM
		Ad-Hoc|iPhone = Ad-Hoc|iPhone
		Ad-Hoc|iPhoneSimulator = Ad-Hoc|iPhoneSimulator
		Ad-Hoc|x64 = Ad-Hoc|x64
		Ad-Hoc|x86 = Ad-Hoc|x86
		AppStore|Any CPU = AppStore|Any CPU
		AppStore|ARM = AppStore|ARM
		AppStore|iPhone = AppStore|iPhone
		AppStore|iPhoneSimulator = AppStore|iPhoneSimulator
		AppStore|x64 = AppStore|x64
		AppStore|x86 = AppStore|x86
		Debug|Any CPU = Debug|Any CPU
		Debug|ARM = Debug|ARM
		Debug|iPhone = Debug|iPhone
		Debug|iPhoneSimulator = Debug|iPhoneSimulator
		Debug|x64 = Debug|x64
		Debug|x86 = Debug|x86
		Release|Any CPU = Release|Any CPU
		Release|ARM = Release|ARM
		Release|iPhone = Release|iPhone
		Release|iPhoneSimulator = Release|iPhoneSimulator
		Release|x64 = Release|x64
		Release|x86 = Release|x86
	EndGlobalSection
	GlobalSection(ProjectConfigurationPlatforms) = postSolution
		{CADB410E-82F6-47F1-9887-AFD8165FA002}.Ad-Hoc|Any CPU.ActiveCfg = Release|Any CPU
		{CADB410E-82F6-47F1-9887-AFD8165FA002}.Ad-Hoc|Any CPU.Build.0 = Release|Any CPU
		{CADB410E-82F6-47F1-9887-AFD8165FA002}.Ad-Hoc|Any CPU.Deploy.0 = Release|Any CPU
		{CADB410E-82F6-47F1-9887-AFD8165FA002}.Ad-Hoc|ARM.ActiveCfg = Release|Any CPU
		{CADB410E-82F6-47F1-9887-AFD8165FA002}.Ad-Hoc|ARM.Build.0 = Release|Any CPU
		{CADB410E-82F6-47F1-9887-AFD8165FA002}.Ad-Hoc|ARM.Deploy.0 = Release|Any CPU
		{CADB410E-82F6-47F1-9887-AFD8165FA002}.Ad-Hoc|iPhone.ActiveCfg = Release|Any CPU
		{CADB410E-82F6-47F1-9887-AFD8165FA002}.Ad-Hoc|iPhone.Build.0 = Release|Any CPU
		{CADB410E-82F6-47F1-9887-AFD8165FA002}.Ad-Hoc|iPhone.Deploy.0 = Release|Any CPU
		{CADB410E-82F6-47F1-9887-AFD8165FA002}.Ad-Hoc|iPhoneSimulator.ActiveCfg = Release|Any CPU
		{CADB410E-82F6-47F1-9887-AFD8165FA002}.Ad-Hoc|iPhoneSimulator.Build.0 = Release|Any CPU
		{CADB410E-82F6-47F1-9887-AFD8165FA002}.Ad-Hoc|iPhoneSimulator.Deploy.0 = Release|Any CPU
		{CADB410E-82F6-47F1-9887-AFD8165FA002}.Ad-Hoc|x64.ActiveCfg = Release|Any CPU
		{CADB410E-82F6-47F1-9887-AFD8165FA002}.Ad-Hoc|x64.Build.0 = Release|Any CPU
		{CADB410E-82F6-47F1-9887-AFD8165FA002}.Ad-Hoc|x64.Deploy.0 = Release|Any CPU
		{CADB410E-82F6-47F1-9887-AFD8165FA002}.Ad-Hoc|x86.ActiveCfg = Release|Any CPU
		{CADB410E-82F6-47F1-9887-AFD8165FA002}.Ad-Hoc|x86.Build.0 = Release|Any CPU
		{CADB410E-82F6-47F1-9887-AFD8165FA002}.Ad-Hoc|x86.Deploy.0 = Release|Any CPU
		{CADB410E-82F6-47F1-9887-AFD8165FA002}.AppStore|Any CPU.ActiveCfg = Release|Any CPU
		{CADB410E-82F6-47F1-9887-AFD8165FA002}.AppStore|Any CPU.Build.0 = Release|Any CPU
		{CADB410E-82F6-47F1-9887-AFD8165FA002}.AppStore|Any CPU.Deploy.0 = Release|Any CPU
		{CADB410E-82F6-47F1-9887-AFD8165FA002}.AppStore|ARM.ActiveCfg = Release|Any CPU
		{CADB410E-82F6-47F1-9887-AFD8165FA002}.AppStore|ARM.Build.0 = Release|Any CPU
		{CADB410E-82F6-47F1-9887-AFD8165FA002}.AppStore|ARM.Deploy.0 = Release|Any CPU
		{CADB410E-82F6-47F1-9887-AFD8165FA002}.AppStore|iPhone.ActiveCfg = Release|Any CPU
		{CADB410E-82F6-47F1-9887-AFD8165FA002}.AppStore|iPhone.Build.0 = Release|Any CPU
		{CADB410E-82F6-47F1-9887-AFD8165FA002}.AppStore|iPhone.Deploy.0 = Release|Any CPU
		{CADB410E-82F6-47F1-9887-AFD8165FA002}.AppStore|iPhoneSimulator.ActiveCfg = Release|Any CPU
		{CADB410E-82F6-47F1-9887-AFD8165FA002}.AppStore|iPhoneSimulator.Build.0 = Release|Any CPU
		{CADB410E-82F6-47F1-9887-AFD8165FA002}.AppStore|iPhoneSimulator.Deploy.0 = Release|Any CPU
		{CADB410E-82F6-47F1-9887-AFD8165FA002}.AppStore|x64.ActiveCfg = Release|Any CPU
		{CADB410E-82F6-47F1-9887-AFD8165FA002}.AppStore|x64.Build.0 = Release|Any CPU
		{CADB410E-82F6-47F1-9887-AFD8165FA002}.AppStore|x64.Deploy.0 = Release|Any CPU
		{CADB410E-82F6-47F1-9887-AFD8165FA002}.AppStore|x86.ActiveCfg = Release|Any CPU
		{CADB410E-82F6-47F1-9887-AFD8165FA002}.AppStore|x86.Build.0 = Release|Any CPU
		{CADB410E-82F6-47F1-9887-AFD8165FA002}.AppStore|x86.Deploy.0 = Release|Any CPU
		{CADB410E-82F6-47F1-9887-AFD8165FA002}.Debug|Any CPU.ActiveCfg = Debug|Any CPU
		{CADB410E-82F6-47F1-9887-AFD8165FA002}.Debug|Any CPU.Build.0 = Debug|Any CPU
		{CADB410E-82F6-47F1-9887-AFD8165FA002}.Debug|Any CPU.Deploy.0 = Debug|Any CPU
		{CADB410E-82F6-47F1-9887-AFD8165FA002}.Debug|ARM.ActiveCfg = Debug|Any CPU
		{CADB410E-82F6-47F1-9887-AFD8165FA002}.Debug|ARM.Build.0 = Debug|Any CPU
		{CADB410E-82F6-47F1-9887-AFD8165FA002}.Debug|ARM.Deploy.0 = Debug|Any CPU
		{CADB410E-82F6-47F1-9887-AFD8165FA002}.Debug|iPhone.ActiveCfg = Debug|Any CPU
		{CADB410E-82F6-47F1-9887-AFD8165FA002}.Debug|iPhone.Build.0 = Debug|Any CPU
		{CADB410E-82F6-47F1-9887-AFD8165FA002}.Debug|iPhone.Deploy.0 = Debug|Any CPU
		{CADB410E-82F6-47F1-9887-AFD8165FA002}.Debug|iPhoneSimulator.ActiveCfg = Debug|Any CPU
		{CADB410E-82F6-47F1-9887-AFD8165FA002}.Debug|iPhoneSimulator.Build.0 = Debug|Any CPU
		{CADB410E-82F6-47F1-9887-AFD8165FA002}.Debug|iPhoneSimulator.Deploy.0 = Debug|Any CPU
		{CADB410E-82F6-47F1-9887-AFD8165FA002}.Debug|x64.ActiveCfg = Debug|Any CPU
		{CADB410E-82F6-47F1-9887-AFD8165FA002}.Debug|x64.Build.0 = Debug|Any CPU
		{CADB410E-82F6-47F1-9887-AFD8165FA002}.Debug|x64.Deploy.0 = Debug|Any CPU
		{CADB410E-82F6-47F1-9887-AFD8165FA002}.Debug|x86.ActiveCfg = Debug|Any CPU
		{CADB410E-82F6-47F1-9887-AFD8165FA002}.Debug|x86.Build.0 = Debug|Any CPU
		{CADB410E-82F6-47F1-9887-AFD8165FA002}.Debug|x86.Deploy.0 = Debug|Any CPU
		{CADB410E-82F6-47F1-9887-AFD8165FA002}.Release|Any CPU.ActiveCfg = Release|Any CPU
		{CADB410E-82F6-47F1-9887-AFD8165FA002}.Release|Any CPU.Build.0 = Release|Any CPU
		{CADB410E-82F6-47F1-9887-AFD8165FA002}.Release|Any CPU.Deploy.0 = Release|Any CPU
		{CADB410E-82F6-47F1-9887-AFD8165FA002}.Release|ARM.ActiveCfg = Release|Any CPU
		{CADB410E-82F6-47F1-9887-AFD8165FA002}.Release|ARM.Build.0 = Release|Any CPU
		{CADB410E-82F6-47F1-9887-AFD8165FA002}.Release|ARM.Deploy.0 = Release|Any CPU
		{CADB410E-82F6-47F1-9887-AFD8165FA002}.Release|iPhone.ActiveCfg = Release|Any CPU
		{CADB410E-82F6-47F1-9887-AFD8165FA002}.Release|iPhone.Build.0 = Release|Any CPU
		{CADB410E-82F6-47F1-9887-AFD8165FA002}.Release|iPhone.Deploy.0 = Release|Any CPU
		{CADB410E-82F6-47F1-9887-AFD8165FA002}.Release|iPhoneSimulator.ActiveCfg = Release|Any CPU
		{CADB410E-82F6-47F1-9887-AFD8165FA002}.Release|iPhoneSimulator.Build.0 = Release|Any CPU
		{CADB410E-82F6-47F1-9887-AFD8165FA002}.Release|iPhoneSimulator.Deploy.0 = Release|Any CPU
		{CADB410E-82F6-47F1-9887-AFD8165FA002}.Release|x64.ActiveCfg = Release|Any CPU
		{CADB410E-82F6-47F1-9887-AFD8165FA002}.Release|x64.Build.0 = Release|Any CPU
		{CADB410E-82F6-47F1-9887-AFD8165FA002}.Release|x64.Deploy.0 = Release|Any CPU
		{CADB410E-82F6-47F1-9887-AFD8165FA002}.Release|x86.ActiveCfg = Release|Any CPU
		{CADB410E-82F6-47F1-9887-AFD8165FA002}.Release|x86.Build.0 = Release|Any CPU
		{CADB410E-82F6-47F1-9887-AFD8165FA002}.Release|x86.Deploy.0 = Release|Any CPU
		{FDEFF0F0-EB1C-4B85-8816-2D0E4FA8DB16}.Ad-Hoc|Any CPU.ActiveCfg = Ad-Hoc|iPhone
		{FDEFF0F0-EB1C-4B85-8816-2D0E4FA8DB16}.Ad-Hoc|ARM.ActiveCfg = Ad-Hoc|iPhone
		{FDEFF0F0-EB1C-4B85-8816-2D0E4FA8DB16}.Ad-Hoc|iPhone.ActiveCfg = Ad-Hoc|iPhone
		{FDEFF0F0-EB1C-4B85-8816-2D0E4FA8DB16}.Ad-Hoc|iPhone.Build.0 = Ad-Hoc|iPhone
		{FDEFF0F0-EB1C-4B85-8816-2D0E4FA8DB16}.Ad-Hoc|iPhoneSimulator.ActiveCfg = Ad-Hoc|iPhoneSimulator
		{FDEFF0F0-EB1C-4B85-8816-2D0E4FA8DB16}.Ad-Hoc|iPhoneSimulator.Build.0 = Ad-Hoc|iPhoneSimulator
		{FDEFF0F0-EB1C-4B85-8816-2D0E4FA8DB16}.Ad-Hoc|x64.ActiveCfg = Ad-Hoc|iPhone
		{FDEFF0F0-EB1C-4B85-8816-2D0E4FA8DB16}.Ad-Hoc|x86.ActiveCfg = Ad-Hoc|iPhone
		{FDEFF0F0-EB1C-4B85-8816-2D0E4FA8DB16}.AppStore|Any CPU.ActiveCfg = AppStore|iPhone
		{FDEFF0F0-EB1C-4B85-8816-2D0E4FA8DB16}.AppStore|ARM.ActiveCfg = AppStore|iPhone
		{FDEFF0F0-EB1C-4B85-8816-2D0E4FA8DB16}.AppStore|iPhone.ActiveCfg = AppStore|iPhone
		{FDEFF0F0-EB1C-4B85-8816-2D0E4FA8DB16}.AppStore|iPhone.Build.0 = AppStore|iPhone
		{FDEFF0F0-EB1C-4B85-8816-2D0E4FA8DB16}.AppStore|iPhoneSimulator.ActiveCfg = AppStore|iPhoneSimulator
		{FDEFF0F0-EB1C-4B85-8816-2D0E4FA8DB16}.AppStore|iPhoneSimulator.Build.0 = AppStore|iPhoneSimulator
		{FDEFF0F0-EB1C-4B85-8816-2D0E4FA8DB16}.AppStore|x64.ActiveCfg = AppStore|iPhone
		{FDEFF0F0-EB1C-4B85-8816-2D0E4FA8DB16}.AppStore|x86.ActiveCfg = AppStore|iPhone
		{FDEFF0F0-EB1C-4B85-8816-2D0E4FA8DB16}.Debug|Any CPU.ActiveCfg = Debug|iPhone
		{FDEFF0F0-EB1C-4B85-8816-2D0E4FA8DB16}.Debug|ARM.ActiveCfg = Debug|iPhone
		{FDEFF0F0-EB1C-4B85-8816-2D0E4FA8DB16}.Debug|iPhone.ActiveCfg = Debug|iPhone
		{FDEFF0F0-EB1C-4B85-8816-2D0E4FA8DB16}.Debug|iPhone.Build.0 = Debug|iPhone
		{FDEFF0F0-EB1C-4B85-8816-2D0E4FA8DB16}.Debug|iPhoneSimulator.ActiveCfg = Debug|iPhoneSimulator
		{FDEFF0F0-EB1C-4B85-8816-2D0E4FA8DB16}.Debug|iPhoneSimulator.Build.0 = Debug|iPhoneSimulator
		{FDEFF0F0-EB1C-4B85-8816-2D0E4FA8DB16}.Debug|x64.ActiveCfg = Debug|iPhone
		{FDEFF0F0-EB1C-4B85-8816-2D0E4FA8DB16}.Debug|x86.ActiveCfg = Debug|iPhone
		{FDEFF0F0-EB1C-4B85-8816-2D0E4FA8DB16}.Release|Any CPU.ActiveCfg = Release|iPhone
		{FDEFF0F0-EB1C-4B85-8816-2D0E4FA8DB16}.Release|ARM.ActiveCfg = Release|iPhone
		{FDEFF0F0-EB1C-4B85-8816-2D0E4FA8DB16}.Release|iPhone.ActiveCfg = Release|iPhone
		{FDEFF0F0-EB1C-4B85-8816-2D0E4FA8DB16}.Release|iPhone.Build.0 = Release|iPhone
		{FDEFF0F0-EB1C-4B85-8816-2D0E4FA8DB16}.Release|iPhoneSimulator.ActiveCfg = Release|iPhoneSimulator
		{FDEFF0F0-EB1C-4B85-8816-2D0E4FA8DB16}.Release|iPhoneSimulator.Build.0 = Release|iPhoneSimulator
		{FDEFF0F0-EB1C-4B85-8816-2D0E4FA8DB16}.Release|x64.ActiveCfg = Release|iPhone
		{FDEFF0F0-EB1C-4B85-8816-2D0E4FA8DB16}.Release|x86.ActiveCfg = Release|iPhone
		{E9D1C564-29A8-4663-8CA2-0FF9B938911A}.Ad-Hoc|Any CPU.ActiveCfg = Release|Any CPU
		{E9D1C564-29A8-4663-8CA2-0FF9B938911A}.Ad-Hoc|Any CPU.Build.0 = Release|Any CPU
		{E9D1C564-29A8-4663-8CA2-0FF9B938911A}.Ad-Hoc|Any CPU.Deploy.0 = Release|Any CPU
		{E9D1C564-29A8-4663-8CA2-0FF9B938911A}.Ad-Hoc|ARM.ActiveCfg = Release|ARM
		{E9D1C564-29A8-4663-8CA2-0FF9B938911A}.Ad-Hoc|ARM.Build.0 = Release|ARM
		{E9D1C564-29A8-4663-8CA2-0FF9B938911A}.Ad-Hoc|ARM.Deploy.0 = Release|ARM
		{E9D1C564-29A8-4663-8CA2-0FF9B938911A}.Ad-Hoc|iPhone.ActiveCfg = Release|Any CPU
		{E9D1C564-29A8-4663-8CA2-0FF9B938911A}.Ad-Hoc|iPhone.Build.0 = Release|Any CPU
		{E9D1C564-29A8-4663-8CA2-0FF9B938911A}.Ad-Hoc|iPhone.Deploy.0 = Release|Any CPU
		{E9D1C564-29A8-4663-8CA2-0FF9B938911A}.Ad-Hoc|iPhoneSimulator.ActiveCfg = Release|Any CPU
		{E9D1C564-29A8-4663-8CA2-0FF9B938911A}.Ad-Hoc|iPhoneSimulator.Build.0 = Release|Any CPU
		{E9D1C564-29A8-4663-8CA2-0FF9B938911A}.Ad-Hoc|iPhoneSimulator.Deploy.0 = Release|Any CPU
		{E9D1C564-29A8-4663-8CA2-0FF9B938911A}.Ad-Hoc|x64.ActiveCfg = Release|Any CPU
		{E9D1C564-29A8-4663-8CA2-0FF9B938911A}.Ad-Hoc|x64.Build.0 = Release|Any CPU
		{E9D1C564-29A8-4663-8CA2-0FF9B938911A}.Ad-Hoc|x64.Deploy.0 = Release|Any CPU
		{E9D1C564-29A8-4663-8CA2-0FF9B938911A}.Ad-Hoc|x86.ActiveCfg = Release|x86
		{E9D1C564-29A8-4663-8CA2-0FF9B938911A}.Ad-Hoc|x86.Build.0 = Release|x86
		{E9D1C564-29A8-4663-8CA2-0FF9B938911A}.Ad-Hoc|x86.Deploy.0 = Release|x86
		{E9D1C564-29A8-4663-8CA2-0FF9B938911A}.AppStore|Any CPU.ActiveCfg = Release|Any CPU
		{E9D1C564-29A8-4663-8CA2-0FF9B938911A}.AppStore|Any CPU.Build.0 = Release|Any CPU
		{E9D1C564-29A8-4663-8CA2-0FF9B938911A}.AppStore|Any CPU.Deploy.0 = Release|Any CPU
		{E9D1C564-29A8-4663-8CA2-0FF9B938911A}.AppStore|ARM.ActiveCfg = Release|ARM
		{E9D1C564-29A8-4663-8CA2-0FF9B938911A}.AppStore|ARM.Build.0 = Release|ARM
		{E9D1C564-29A8-4663-8CA2-0FF9B938911A}.AppStore|ARM.Deploy.0 = Release|ARM
		{E9D1C564-29A8-4663-8CA2-0FF9B938911A}.AppStore|iPhone.ActiveCfg = Release|Any CPU
		{E9D1C564-29A8-4663-8CA2-0FF9B938911A}.AppStore|iPhone.Build.0 = Release|Any CPU
		{E9D1C564-29A8-4663-8CA2-0FF9B938911A}.AppStore|iPhone.Deploy.0 = Release|Any CPU
		{E9D1C564-29A8-4663-8CA2-0FF9B938911A}.AppStore|iPhoneSimulator.ActiveCfg = Release|Any CPU
		{E9D1C564-29A8-4663-8CA2-0FF9B938911A}.AppStore|iPhoneSimulator.Build.0 = Release|Any CPU
		{E9D1C564-29A8-4663-8CA2-0FF9B938911A}.AppStore|iPhoneSimulator.Deploy.0 = Release|Any CPU
		{E9D1C564-29A8-4663-8CA2-0FF9B938911A}.AppStore|x64.ActiveCfg = Release|Any CPU
		{E9D1C564-29A8-4663-8CA2-0FF9B938911A}.AppStore|x64.Build.0 = Release|Any CPU
		{E9D1C564-29A8-4663-8CA2-0FF9B938911A}.AppStore|x64.Deploy.0 = Release|Any CPU
		{E9D1C564-29A8-4663-8CA2-0FF9B938911A}.AppStore|x86.ActiveCfg = Release|x86
		{E9D1C564-29A8-4663-8CA2-0FF9B938911A}.AppStore|x86.Build.0 = Release|x86
		{E9D1C564-29A8-4663-8CA2-0FF9B938911A}.AppStore|x86.Deploy.0 = Release|x86
		{E9D1C564-29A8-4663-8CA2-0FF9B938911A}.Debug|Any CPU.ActiveCfg = Debug|Any CPU
		{E9D1C564-29A8-4663-8CA2-0FF9B938911A}.Debug|Any CPU.Build.0 = Debug|Any CPU
		{E9D1C564-29A8-4663-8CA2-0FF9B938911A}.Debug|Any CPU.Deploy.0 = Debug|Any CPU
		{E9D1C564-29A8-4663-8CA2-0FF9B938911A}.Debug|ARM.ActiveCfg = Debug|ARM
		{E9D1C564-29A8-4663-8CA2-0FF9B938911A}.Debug|ARM.Build.0 = Debug|ARM
		{E9D1C564-29A8-4663-8CA2-0FF9B938911A}.Debug|ARM.Deploy.0 = Debug|ARM
		{E9D1C564-29A8-4663-8CA2-0FF9B938911A}.Debug|iPhone.ActiveCfg = Debug|Any CPU
		{E9D1C564-29A8-4663-8CA2-0FF9B938911A}.Debug|iPhone.Build.0 = Debug|Any CPU
		{E9D1C564-29A8-4663-8CA2-0FF9B938911A}.Debug|iPhone.Deploy.0 = Debug|Any CPU
		{E9D1C564-29A8-4663-8CA2-0FF9B938911A}.Debug|iPhoneSimulator.ActiveCfg = Debug|Any CPU
		{E9D1C564-29A8-4663-8CA2-0FF9B938911A}.Debug|iPhoneSimulator.Build.0 = Debug|Any CPU
		{E9D1C564-29A8-4663-8CA2-0FF9B938911A}.Debug|iPhoneSimulator.Deploy.0 = Debug|Any CPU
		{E9D1C564-29A8-4663-8CA2-0FF9B938911A}.Debug|x64.ActiveCfg = Debug|Any CPU
		{E9D1C564-29A8-4663-8CA2-0FF9B938911A}.Debug|x64.Build.0 = Debug|Any CPU
		{E9D1C564-29A8-4663-8CA2-0FF9B938911A}.Debug|x64.Deploy.0 = Debug|Any CPU
		{E9D1C564-29A8-4663-8CA2-0FF9B938911A}.Debug|x86.ActiveCfg = Debug|x86
		{E9D1C564-29A8-4663-8CA2-0FF9B938911A}.Debug|x86.Build.0 = Debug|x86
		{E9D1C564-29A8-4663-8CA2-0FF9B938911A}.Debug|x86.Deploy.0 = Debug|x86
		{E9D1C564-29A8-4663-8CA2-0FF9B938911A}.Release|Any CPU.ActiveCfg = Release|Any CPU
		{E9D1C564-29A8-4663-8CA2-0FF9B938911A}.Release|Any CPU.Build.0 = Release|Any CPU
		{E9D1C564-29A8-4663-8CA2-0FF9B938911A}.Release|Any CPU.Deploy.0 = Release|Any CPU
		{E9D1C564-29A8-4663-8CA2-0FF9B938911A}.Release|ARM.ActiveCfg = Release|ARM
		{E9D1C564-29A8-4663-8CA2-0FF9B938911A}.Release|ARM.Build.0 = Release|ARM
		{E9D1C564-29A8-4663-8CA2-0FF9B938911A}.Release|ARM.Deploy.0 = Release|ARM
		{E9D1C564-29A8-4663-8CA2-0FF9B938911A}.Release|iPhone.ActiveCfg = Release|Any CPU
		{E9D1C564-29A8-4663-8CA2-0FF9B938911A}.Release|iPhone.Build.0 = Release|Any CPU
		{E9D1C564-29A8-4663-8CA2-0FF9B938911A}.Release|iPhone.Deploy.0 = Release|Any CPU
		{E9D1C564-29A8-4663-8CA2-0FF9B938911A}.Release|iPhoneSimulator.ActiveCfg = Release|Any CPU
		{E9D1C564-29A8-4663-8CA2-0FF9B938911A}.Release|iPhoneSimulator.Build.0 = Release|Any CPU
		{E9D1C564-29A8-4663-8CA2-0FF9B938911A}.Release|iPhoneSimulator.Deploy.0 = Release|Any CPU
		{E9D1C564-29A8-4663-8CA2-0FF9B938911A}.Release|x64.ActiveCfg = Release|Any CPU
		{E9D1C564-29A8-4663-8CA2-0FF9B938911A}.Release|x64.Build.0 = Release|Any CPU
		{E9D1C564-29A8-4663-8CA2-0FF9B938911A}.Release|x64.Deploy.0 = Release|Any CPU
		{E9D1C564-29A8-4663-8CA2-0FF9B938911A}.Release|x86.ActiveCfg = Release|x86
		{E9D1C564-29A8-4663-8CA2-0FF9B938911A}.Release|x86.Build.0 = Release|x86
		{E9D1C564-29A8-4663-8CA2-0FF9B938911A}.Release|x86.Deploy.0 = Release|x86
		{9E3A946A-4E44-4058-835A-958F74AE649B}.Ad-Hoc|Any CPU.ActiveCfg = Release|x86
		{9E3A946A-4E44-4058-835A-958F74AE649B}.Ad-Hoc|Any CPU.Build.0 = Release|x86
		{9E3A946A-4E44-4058-835A-958F74AE649B}.Ad-Hoc|Any CPU.Deploy.0 = Release|x86
		{9E3A946A-4E44-4058-835A-958F74AE649B}.Ad-Hoc|ARM.ActiveCfg = Release|ARM
		{9E3A946A-4E44-4058-835A-958F74AE649B}.Ad-Hoc|ARM.Build.0 = Release|ARM
		{9E3A946A-4E44-4058-835A-958F74AE649B}.Ad-Hoc|ARM.Deploy.0 = Release|ARM
		{9E3A946A-4E44-4058-835A-958F74AE649B}.Ad-Hoc|iPhone.ActiveCfg = Release|x86
		{9E3A946A-4E44-4058-835A-958F74AE649B}.Ad-Hoc|iPhone.Build.0 = Release|x86
		{9E3A946A-4E44-4058-835A-958F74AE649B}.Ad-Hoc|iPhone.Deploy.0 = Release|x86
		{9E3A946A-4E44-4058-835A-958F74AE649B}.Ad-Hoc|iPhoneSimulator.ActiveCfg = Release|x86
		{9E3A946A-4E44-4058-835A-958F74AE649B}.Ad-Hoc|iPhoneSimulator.Build.0 = Release|x86
		{9E3A946A-4E44-4058-835A-958F74AE649B}.Ad-Hoc|iPhoneSimulator.Deploy.0 = Release|x86
		{9E3A946A-4E44-4058-835A-958F74AE649B}.Ad-Hoc|x64.ActiveCfg = Release|x64
		{9E3A946A-4E44-4058-835A-958F74AE649B}.Ad-Hoc|x64.Build.0 = Release|x64
		{9E3A946A-4E44-4058-835A-958F74AE649B}.Ad-Hoc|x64.Deploy.0 = Release|x64
		{9E3A946A-4E44-4058-835A-958F74AE649B}.Ad-Hoc|x86.ActiveCfg = Release|x86
		{9E3A946A-4E44-4058-835A-958F74AE649B}.Ad-Hoc|x86.Build.0 = Release|x86
		{9E3A946A-4E44-4058-835A-958F74AE649B}.Ad-Hoc|x86.Deploy.0 = Release|x86
		{9E3A946A-4E44-4058-835A-958F74AE649B}.AppStore|Any CPU.ActiveCfg = Release|x86
		{9E3A946A-4E44-4058-835A-958F74AE649B}.AppStore|Any CPU.Build.0 = Release|x86
		{9E3A946A-4E44-4058-835A-958F74AE649B}.AppStore|Any CPU.Deploy.0 = Release|x86
		{9E3A946A-4E44-4058-835A-958F74AE649B}.AppStore|ARM.ActiveCfg = Release|ARM
		{9E3A946A-4E44-4058-835A-958F74AE649B}.AppStore|ARM.Build.0 = Release|ARM
		{9E3A946A-4E44-4058-835A-958F74AE649B}.AppStore|ARM.Deploy.0 = Release|ARM
		{9E3A946A-4E44-4058-835A-958F74AE649B}.AppStore|iPhone.ActiveCfg = Release|x86
		{9E3A946A-4E44-4058-835A-958F74AE649B}.AppStore|iPhone.Build.0 = Release|x86
		{9E3A946A-4E44-4058-835A-958F74AE649B}.AppStore|iPhone.Deploy.0 = Release|x86
		{9E3A946A-4E44-4058-835A-958F74AE649B}.AppStore|iPhoneSimulator.ActiveCfg = Release|x86
		{9E3A946A-4E44-4058-835A-958F74AE649B}.AppStore|iPhoneSimulator.Build.0 = Release|x86
		{9E3A946A-4E44-4058-835A-958F74AE649B}.AppStore|iPhoneSimulator.Deploy.0 = Release|x86
		{9E3A946A-4E44-4058-835A-958F74AE649B}.AppStore|x64.ActiveCfg = Release|x64
		{9E3A946A-4E44-4058-835A-958F74AE649B}.AppStore|x64.Build.0 = Release|x64
		{9E3A946A-4E44-4058-835A-958F74AE649B}.AppStore|x64.Deploy.0 = Release|x64
		{9E3A946A-4E44-4058-835A-958F74AE649B}.AppStore|x86.ActiveCfg = Release|x86
		{9E3A946A-4E44-4058-835A-958F74AE649B}.AppStore|x86.Build.0 = Release|x86
		{9E3A946A-4E44-4058-835A-958F74AE649B}.AppStore|x86.Deploy.0 = Release|x86
		{9E3A946A-4E44-4058-835A-958F74AE649B}.Debug|Any CPU.ActiveCfg = Debug|x86
		{9E3A946A-4E44-4058-835A-958F74AE649B}.Debug|ARM.ActiveCfg = Debug|ARM
		{9E3A946A-4E44-4058-835A-958F74AE649B}.Debug|ARM.Build.0 = Debug|ARM
		{9E3A946A-4E44-4058-835A-958F74AE649B}.Debug|ARM.Deploy.0 = Debug|ARM
		{9E3A946A-4E44-4058-835A-958F74AE649B}.Debug|iPhone.ActiveCfg = Debug|x86
		{9E3A946A-4E44-4058-835A-958F74AE649B}.Debug|iPhoneSimulator.ActiveCfg = Debug|x86
		{9E3A946A-4E44-4058-835A-958F74AE649B}.Debug|x64.ActiveCfg = Debug|x64
		{9E3A946A-4E44-4058-835A-958F74AE649B}.Debug|x64.Build.0 = Debug|x64
		{9E3A946A-4E44-4058-835A-958F74AE649B}.Debug|x64.Deploy.0 = Debug|x64
		{9E3A946A-4E44-4058-835A-958F74AE649B}.Debug|x86.ActiveCfg = Debug|x86
		{9E3A946A-4E44-4058-835A-958F74AE649B}.Debug|x86.Build.0 = Debug|x86
		{9E3A946A-4E44-4058-835A-958F74AE649B}.Debug|x86.Deploy.0 = Debug|x86
		{9E3A946A-4E44-4058-835A-958F74AE649B}.Release|Any CPU.ActiveCfg = Release|x86
		{9E3A946A-4E44-4058-835A-958F74AE649B}.Release|ARM.ActiveCfg = Release|ARM
		{9E3A946A-4E44-4058-835A-958F74AE649B}.Release|ARM.Build.0 = Release|ARM
		{9E3A946A-4E44-4058-835A-958F74AE649B}.Release|ARM.Deploy.0 = Release|ARM
		{9E3A946A-4E44-4058-835A-958F74AE649B}.Release|iPhone.ActiveCfg = Release|x86
		{9E3A946A-4E44-4058-835A-958F74AE649B}.Release|iPhoneSimulator.ActiveCfg = Release|x86
		{9E3A946A-4E44-4058-835A-958F74AE649B}.Release|x64.ActiveCfg = Release|x64
		{9E3A946A-4E44-4058-835A-958F74AE649B}.Release|x64.Build.0 = Release|x64
		{9E3A946A-4E44-4058-835A-958F74AE649B}.Release|x64.Deploy.0 = Release|x64
		{9E3A946A-4E44-4058-835A-958F74AE649B}.Release|x86.ActiveCfg = Release|x86
		{9E3A946A-4E44-4058-835A-958F74AE649B}.Release|x86.Build.0 = Release|x86
		{9E3A946A-4E44-4058-835A-958F74AE649B}.Release|x86.Deploy.0 = Release|x86
		{753A5758-C0FA-4FAD-AC7E-57CF21B246E6}.Ad-Hoc|Any CPU.ActiveCfg = Release|Any CPU
		{753A5758-C0FA-4FAD-AC7E-57CF21B246E6}.Ad-Hoc|Any CPU.Build.0 = Release|Any CPU
		{753A5758-C0FA-4FAD-AC7E-57CF21B246E6}.Ad-Hoc|Any CPU.Deploy.0 = Release|Any CPU
		{753A5758-C0FA-4FAD-AC7E-57CF21B246E6}.Ad-Hoc|ARM.ActiveCfg = Release|ARM
		{753A5758-C0FA-4FAD-AC7E-57CF21B246E6}.Ad-Hoc|ARM.Build.0 = Release|ARM
		{753A5758-C0FA-4FAD-AC7E-57CF21B246E6}.Ad-Hoc|ARM.Deploy.0 = Release|ARM
		{753A5758-C0FA-4FAD-AC7E-57CF21B246E6}.Ad-Hoc|iPhone.ActiveCfg = Release|Any CPU
		{753A5758-C0FA-4FAD-AC7E-57CF21B246E6}.Ad-Hoc|iPhone.Build.0 = Release|Any CPU
		{753A5758-C0FA-4FAD-AC7E-57CF21B246E6}.Ad-Hoc|iPhone.Deploy.0 = Release|Any CPU
		{753A5758-C0FA-4FAD-AC7E-57CF21B246E6}.Ad-Hoc|iPhoneSimulator.ActiveCfg = Release|Any CPU
		{753A5758-C0FA-4FAD-AC7E-57CF21B246E6}.Ad-Hoc|iPhoneSimulator.Build.0 = Release|Any CPU
		{753A5758-C0FA-4FAD-AC7E-57CF21B246E6}.Ad-Hoc|iPhoneSimulator.Deploy.0 = Release|Any CPU
		{753A5758-C0FA-4FAD-AC7E-57CF21B246E6}.Ad-Hoc|x64.ActiveCfg = Release|x64
		{753A5758-C0FA-4FAD-AC7E-57CF21B246E6}.Ad-Hoc|x64.Build.0 = Release|x64
		{753A5758-C0FA-4FAD-AC7E-57CF21B246E6}.Ad-Hoc|x64.Deploy.0 = Release|x64
		{753A5758-C0FA-4FAD-AC7E-57CF21B246E6}.Ad-Hoc|x86.ActiveCfg = Release|x86
		{753A5758-C0FA-4FAD-AC7E-57CF21B246E6}.Ad-Hoc|x86.Build.0 = Release|x86
		{753A5758-C0FA-4FAD-AC7E-57CF21B246E6}.Ad-Hoc|x86.Deploy.0 = Release|x86
		{753A5758-C0FA-4FAD-AC7E-57CF21B246E6}.AppStore|Any CPU.ActiveCfg = Release|Any CPU
		{753A5758-C0FA-4FAD-AC7E-57CF21B246E6}.AppStore|Any CPU.Build.0 = Release|Any CPU
		{753A5758-C0FA-4FAD-AC7E-57CF21B246E6}.AppStore|Any CPU.Deploy.0 = Release|Any CPU
		{753A5758-C0FA-4FAD-AC7E-57CF21B246E6}.AppStore|ARM.ActiveCfg = Release|ARM
		{753A5758-C0FA-4FAD-AC7E-57CF21B246E6}.AppStore|ARM.Build.0 = Release|ARM
		{753A5758-C0FA-4FAD-AC7E-57CF21B246E6}.AppStore|ARM.Deploy.0 = Release|ARM
		{753A5758-C0FA-4FAD-AC7E-57CF21B246E6}.AppStore|iPhone.ActiveCfg = Release|Any CPU
		{753A5758-C0FA-4FAD-AC7E-57CF21B246E6}.AppStore|iPhone.Build.0 = Release|Any CPU
		{753A5758-C0FA-4FAD-AC7E-57CF21B246E6}.AppStore|iPhone.Deploy.0 = Release|Any CPU
		{753A5758-C0FA-4FAD-AC7E-57CF21B246E6}.AppStore|iPhoneSimulator.ActiveCfg = Release|Any CPU
		{753A5758-C0FA-4FAD-AC7E-57CF21B246E6}.AppStore|iPhoneSimulator.Build.0 = Release|Any CPU
		{753A5758-C0FA-4FAD-AC7E-57CF21B246E6}.AppStore|iPhoneSimulator.Deploy.0 = Release|Any CPU
		{753A5758-C0FA-4FAD-AC7E-57CF21B246E6}.AppStore|x64.ActiveCfg = Release|x64
		{753A5758-C0FA-4FAD-AC7E-57CF21B246E6}.AppStore|x64.Build.0 = Release|x64
		{753A5758-C0FA-4FAD-AC7E-57CF21B246E6}.AppStore|x64.Deploy.0 = Release|x64
		{753A5758-C0FA-4FAD-AC7E-57CF21B246E6}.AppStore|x86.ActiveCfg = Release|x86
		{753A5758-C0FA-4FAD-AC7E-57CF21B246E6}.AppStore|x86.Build.0 = Release|x86
		{753A5758-C0FA-4FAD-AC7E-57CF21B246E6}.AppStore|x86.Deploy.0 = Release|x86
		{753A5758-C0FA-4FAD-AC7E-57CF21B246E6}.Debug|Any CPU.ActiveCfg = Debug|Any CPU
		{753A5758-C0FA-4FAD-AC7E-57CF21B246E6}.Debug|Any CPU.Build.0 = Debug|Any CPU
		{753A5758-C0FA-4FAD-AC7E-57CF21B246E6}.Debug|Any CPU.Deploy.0 = Debug|Any CPU
		{753A5758-C0FA-4FAD-AC7E-57CF21B246E6}.Debug|ARM.ActiveCfg = Debug|ARM
		{753A5758-C0FA-4FAD-AC7E-57CF21B246E6}.Debug|ARM.Build.0 = Debug|ARM
		{753A5758-C0FA-4FAD-AC7E-57CF21B246E6}.Debug|ARM.Deploy.0 = Debug|ARM
		{753A5758-C0FA-4FAD-AC7E-57CF21B246E6}.Debug|iPhone.ActiveCfg = Debug|Any CPU
		{753A5758-C0FA-4FAD-AC7E-57CF21B246E6}.Debug|iPhone.Build.0 = Debug|Any CPU
		{753A5758-C0FA-4FAD-AC7E-57CF21B246E6}.Debug|iPhone.Deploy.0 = Debug|Any CPU
		{753A5758-C0FA-4FAD-AC7E-57CF21B246E6}.Debug|iPhoneSimulator.ActiveCfg = Debug|Any CPU
		{753A5758-C0FA-4FAD-AC7E-57CF21B246E6}.Debug|iPhoneSimulator.Build.0 = Debug|Any CPU
		{753A5758-C0FA-4FAD-AC7E-57CF21B246E6}.Debug|iPhoneSimulator.Deploy.0 = Debug|Any CPU
		{753A5758-C0FA-4FAD-AC7E-57CF21B246E6}.Debug|x64.ActiveCfg = Debug|x64
		{753A5758-C0FA-4FAD-AC7E-57CF21B246E6}.Debug|x64.Build.0 = Debug|x64
		{753A5758-C0FA-4FAD-AC7E-57CF21B246E6}.Debug|x64.Deploy.0 = Debug|x64
		{753A5758-C0FA-4FAD-AC7E-57CF21B246E6}.Debug|x86.ActiveCfg = Debug|x86
		{753A5758-C0FA-4FAD-AC7E-57CF21B246E6}.Debug|x86.Build.0 = Debug|x86
		{753A5758-C0FA-4FAD-AC7E-57CF21B246E6}.Debug|x86.Deploy.0 = Debug|x86
		{753A5758-C0FA-4FAD-AC7E-57CF21B246E6}.Release|Any CPU.ActiveCfg = Release|Any CPU
		{753A5758-C0FA-4FAD-AC7E-57CF21B246E6}.Release|Any CPU.Build.0 = Release|Any CPU
		{753A5758-C0FA-4FAD-AC7E-57CF21B246E6}.Release|Any CPU.Deploy.0 = Release|Any CPU
		{753A5758-C0FA-4FAD-AC7E-57CF21B246E6}.Release|ARM.ActiveCfg = Release|ARM
		{753A5758-C0FA-4FAD-AC7E-57CF21B246E6}.Release|ARM.Build.0 = Release|ARM
		{753A5758-C0FA-4FAD-AC7E-57CF21B246E6}.Release|ARM.Deploy.0 = Release|ARM
		{753A5758-C0FA-4FAD-AC7E-57CF21B246E6}.Release|iPhone.ActiveCfg = Release|Any CPU
		{753A5758-C0FA-4FAD-AC7E-57CF21B246E6}.Release|iPhone.Build.0 = Release|Any CPU
		{753A5758-C0FA-4FAD-AC7E-57CF21B246E6}.Release|iPhone.Deploy.0 = Release|Any CPU
		{753A5758-C0FA-4FAD-AC7E-57CF21B246E6}.Release|iPhoneSimulator.ActiveCfg = Release|Any CPU
		{753A5758-C0FA-4FAD-AC7E-57CF21B246E6}.Release|iPhoneSimulator.Build.0 = Release|Any CPU
		{753A5758-C0FA-4FAD-AC7E-57CF21B246E6}.Release|iPhoneSimulator.Deploy.0 = Release|Any CPU
		{753A5758-C0FA-4FAD-AC7E-57CF21B246E6}.Release|x64.ActiveCfg = Release|x64
		{753A5758-C0FA-4FAD-AC7E-57CF21B246E6}.Release|x64.Build.0 = Release|x64
		{753A5758-C0FA-4FAD-AC7E-57CF21B246E6}.Release|x64.Deploy.0 = Release|x64
		{753A5758-C0FA-4FAD-AC7E-57CF21B246E6}.Release|x86.ActiveCfg = Release|x86
		{753A5758-C0FA-4FAD-AC7E-57CF21B246E6}.Release|x86.Build.0 = Release|x86
		{753A5758-C0FA-4FAD-AC7E-57CF21B246E6}.Release|x86.Deploy.0 = Release|x86
	EndGlobalSection
	GlobalSection(SolutionProperties) = preSolution
		HideSolutionNode = FALSE
	EndGlobalSection
EndGlobal
